
Microsoft Visual Studio Solution File, Format Version 12.00
# Visual Studio Version 16
VisualStudioVersion = 16.0.31112.23
MinimumVisualStudioVersion = 10.0.40219.1
Project("{FAE04EC0-301F-11D3-BF4B-00C04F79EFBC}") = "Auto_Query_Version1", "test\Auto_Query_Version1.csproj", "{62EF6513-DF2E-4159-94D2-7FC35B2C5882}"
EndProject
Global
	GlobalSection(SolutionConfigurationPlatforms) = preSolution
		Debug|Any CPU = Debug|Any CPU
		Release|Any CPU = Release|Any CPU
	EndGlobalSection
	GlobalSection(ProjectConfigurationPlatforms) = postSolution
		{62EF6513-DF2E-4159-94D2-7FC35B2C5882}.Debug|Any CPU.ActiveCfg = Debug|Any CPU
		{62EF6513-DF2E-4159-94D2-7FC35B2C5882}.Debug|Any CPU.Build.0 = Debug|Any CPU
		{62EF6513-DF2E-4159-94D2-7FC35B2C5882}.Release|Any CPU.ActiveCfg = Release|Any CPU
		{62EF6513-DF2E-4159-94D2-7FC35B2C5882}.Release|Any CPU.Build.0 = Release|Any CPU
	EndGlobalSection
	GlobalSection(SolutionProperties) = preSolution
		HideSolutionNode = FALSE
	EndGlobalSection
	GlobalSection(ExtensibilityGlobals) = postSolution
		SolutionGuid = {493AABD0-D9CD-4EF2-BE6C-EAA2E2023B16}
	EndGlobalSection
EndGlobal
